// !$*UTF8*$!
{
	archiveVersion = 1;
	classes = {
	};
	objectVersion = 50;
	objects = {

/* Begin PBXBuildFile section */
		BBB449E1243588FE0091BD90 /* iconfont.ttf in Resources */ = {isa = PBXBuildFile; fileRef = BBB449E0243588F30091BD90 /* iconfont.ttf */; };
		BBB449E3243589B80091BD90 /* IconFont.swift in Sources */ = {isa = PBXBuildFile; fileRef = BBB449E2243589B80091BD90 /* IconFont.swift */; };
		BBB449E524358F160091BD90 /* ExIconFont.swift in Sources */ = {isa = PBXBuildFile; fileRef = BBB449E424358F160091BD90 /* ExIconFont.swift */; };
		BBB449E72435BA2A0091BD90 /* ExRegex.swift in Sources */ = {isa = PBXBuildFile; fileRef = BBB449E62435BA2A0091BD90 /* ExRegex.swift */; };
		BBB449EB2435E7750091BD90 /* EmojiWeibo.swift in Sources */ = {isa = PBXBuildFile; fileRef = BBB449EA2435E7750091BD90 /* EmojiWeibo.swift */; };
		BBB449F12435EFAE0091BD90 /* ExGif.swift in Sources */ = {isa = PBXBuildFile; fileRef = BBB449F02435EFAE0091BD90 /* ExGif.swift */; };
		BBB449F32435F06F0091BD90 /* emoji_gif in Resources */ = {isa = PBXBuildFile; fileRef = BBB449F22435F06E0091BD90 /* emoji_gif */; };
		BBB449F52435F2B30091BD90 /* weiboicon.json in Resources */ = {isa = PBXBuildFile; fileRef = BBB449F42435F2B20091BD90 /* weiboicon.json */; };
		BBBA9B24243198C500BE79A6 /* AppDelegate.swift in Sources */ = {isa = PBXBuildFile; fileRef = BBBA9B23243198C500BE79A6 /* AppDelegate.swift */; };
		BBBA9B26243198C500BE79A6 /* SceneDelegate.swift in Sources */ = {isa = PBXBuildFile; fileRef = BBBA9B25243198C500BE79A6 /* SceneDelegate.swift */; };
		BBBA9B28243198C500BE79A6 /* ViewController.swift in Sources */ = {isa = PBXBuildFile; fileRef = BBBA9B27243198C500BE79A6 /* ViewController.swift */; };
		BBBA9B2B243198C500BE79A6 /* Main.storyboard in Resources */ = {isa = PBXBuildFile; fileRef = BBBA9B29243198C500BE79A6 /* Main.storyboard */; };
		BBBA9B2D243198CF00BE79A6 /* Assets.xcassets in Resources */ = {isa = PBXBuildFile; fileRef = BBBA9B2C243198CF00BE79A6 /* Assets.xcassets */; };
		BBBA9B30243198CF00BE79A6 /* LaunchScreen.storyboard in Resources */ = {isa = PBXBuildFile; fileRef = BBBA9B2E243198CF00BE79A6 /* LaunchScreen.storyboard */; };
		BBBA9B382431A03800BE79A6 /* feed.json in Resources */ = {isa = PBXBuildFile; fileRef = BBBA9B372431A03800BE79A6 /* feed.json */; };
		BBBA9B3A2431A0B800BE79A6 /* FeedModel.swift in Sources */ = {isa = PBXBuildFile; fileRef = BBBA9B392431A0B800BE79A6 /* FeedModel.swift */; };
		BBBA9B3C2431A45000BE79A6 /* TextCell.swift in Sources */ = {isa = PBXBuildFile; fileRef = BBBA9B3B2431A45000BE79A6 /* TextCell.swift */; };
		EF6DA44EB767F1382E63077A /* Pods_Feed.framework in Frameworks */ = {isa = PBXBuildFile; fileRef = 705CA07134F95661CD9EB3F2 /* Pods_Feed.framework */; };
/* End PBXBuildFile section */

/* Begin PBXFileReference section */
		4CC4BB71033C75B3C51121B4 /* Pods-Feed.debug.xcconfig */ = {isa = PBXFileReference; includeInIndex = 1; lastKnownFileType = text.xcconfig; name = "Pods-Feed.debug.xcconfig"; path = "Target Support Files/Pods-Feed/Pods-Feed.debug.xcconfig"; sourceTree = "<group>"; };
		63A347160B10092B52F82F0A /* Pods-Feed.release.xcconfig */ = {isa = PBXFileReference; includeInIndex = 1; lastKnownFileType = text.xcconfig; name = "Pods-Feed.release.xcconfig"; path = "Target Support Files/Pods-Feed/Pods-Feed.release.xcconfig"; sourceTree = "<group>"; };
		705CA07134F95661CD9EB3F2 /* Pods_Feed.framework */ = {isa = PBXFileReference; explicitFileType = wrapper.framework; includeInIndex = 0; path = Pods_Feed.framework; sourceTree = BUILT_PRODUCTS_DIR; };
		BBB449E0243588F30091BD90 /* iconfont.ttf */ = {isa = PBXFileReference; lastKnownFileType = file; path = iconfont.ttf; sourceTree = "<group>"; };
		BBB449E2243589B80091BD90 /* IconFont.swift */ = {isa = PBXFileReference; lastKnownFileType = sourcecode.swift; path = IconFont.swift; sourceTree = "<group>"; };
		BBB449E424358F160091BD90 /* ExIconFont.swift */ = {isa = PBXFileReference; lastKnownFileType = sourcecode.swift; path = ExIconFont.swift; sourceTree = "<group>"; };
		BBB449E62435BA2A0091BD90 /* ExRegex.swift */ = {isa = PBXFileReference; lastKnownFileType = sourcecode.swift; path = ExRegex.swift; sourceTree = "<group>"; };
		BBB449EA2435E7750091BD90 /* EmojiWeibo.swift */ = {isa = PBXFileReference; lastKnownFileType = sourcecode.swift; path = EmojiWeibo.swift; sourceTree = "<group>"; };
		BBB449F02435EFAE0091BD90 /* ExGif.swift */ = {isa = PBXFileReference; lastKnownFileType = sourcecode.swift; path = ExGif.swift; sourceTree = "<group>"; };
		BBB449F22435F06E0091BD90 /* emoji_gif */ = {isa = PBXFileReference; lastKnownFileType = folder; path = emoji_gif; sourceTree = "<group>"; };
		BBB449F42435F2B20091BD90 /* weiboicon.json */ = {isa = PBXFileReference; fileEncoding = 4; lastKnownFileType = text.json; path = weiboicon.json; sourceTree = SOURCE_ROOT; };
		BBBA9B20243198C500BE79A6 /* Feed.app */ = {isa = PBXFileReference; explicitFileType = wrapper.application; includeInIndex = 0; path = Feed.app; sourceTree = BUILT_PRODUCTS_DIR; };
		BBBA9B23243198C500BE79A6 /* AppDelegate.swift */ = {isa = PBXFileReference; lastKnownFileType = sourcecode.swift; path = AppDelegate.swift; sourceTree = "<group>"; };
		BBBA9B25243198C500BE79A6 /* SceneDelegate.swift */ = {isa = PBXFileReference; lastKnownFileType = sourcecode.swift; path = SceneDelegate.swift; sourceTree = "<group>"; };
		BBBA9B27243198C500BE79A6 /* ViewController.swift */ = {isa = PBXFileReference; lastKnownFileType = sourcecode.swift; path = ViewController.swift; sourceTree = "<group>"; };
		BBBA9B2A243198C500BE79A6 /* Base */ = {isa = PBXFileReference; lastKnownFileType = file.storyboard; name = Base; path = Base.lproj/Main.storyboard; sourceTree = "<group>"; };
		BBBA9B2C243198CF00BE79A6 /* Assets.xcassets */ = {isa = PBXFileReference; lastKnownFileType = folder.assetcatalog; path = Assets.xcassets; sourceTree = "<group>"; };
		BBBA9B2F243198CF00BE79A6 /* Base */ = {isa = PBXFileReference; lastKnownFileType = file.storyboard; name = Base; path = Base.lproj/LaunchScreen.storyboard; sourceTree = "<group>"; };
		BBBA9B31243198CF00BE79A6 /* Info.plist */ = {isa = PBXFileReference; lastKnownFileType = text.plist.xml; path = Info.plist; sourceTree = "<group>"; };
		BBBA9B372431A03800BE79A6 /* feed.json */ = {isa = PBXFileReference; lastKnownFileType = text.json; path = feed.json; sourceTree = "<group>"; };
		BBBA9B392431A0B800BE79A6 /* FeedModel.swift */ = {isa = PBXFileReference; lastKnownFileType = sourcecode.swift; path = FeedModel.swift; sourceTree = "<group>"; };
		BBBA9B3B2431A45000BE79A6 /* TextCell.swift */ = {isa = PBXFileReference; lastKnownFileType = sourcecode.swift; path = TextCell.swift; sourceTree = "<group>"; };
/* End PBXFileReference section */

/* Begin PBXFrameworksBuildPhase section */
		BBBA9B1D243198C500BE79A6 /* Frameworks */ = {
			isa = PBXFrameworksBuildPhase;
			buildActionMask = 2147483647;
			files = (
				EF6DA44EB767F1382E63077A /* Pods_Feed.framework in Frameworks */,
			);
			runOnlyForDeploymentPostprocessing = 0;
		};
/* End PBXFrameworksBuildPhase section */

/* Begin PBXGroup section */
		1EFA15A5664949EA9523EFF8 /* Pods */ = {
			isa = PBXGroup;
			children = (
				4CC4BB71033C75B3C51121B4 /* Pods-Feed.debug.xcconfig */,
				63A347160B10092B52F82F0A /* Pods-Feed.release.xcconfig */,
			);
			name = Pods;
			path = Pods;
			sourceTree = "<group>";
		};
		9B02E5E366C1125428656989 /* Frameworks */ = {
			isa = PBXGroup;
			children = (
				705CA07134F95661CD9EB3F2 /* Pods_Feed.framework */,
			);
			name = Frameworks;
			sourceTree = "<group>";
		};
		BBBA9B17243198C500BE79A6 = {
			isa = PBXGroup;
			children = (
				BBBA9B22243198C500BE79A6 /* Feed */,
				BBBA9B21243198C500BE79A6 /* Products */,
				1EFA15A5664949EA9523EFF8 /* Pods */,
				9B02E5E366C1125428656989 /* Frameworks */,
			);
			sourceTree = "<group>";
		};
		BBBA9B21243198C500BE79A6 /* Products */ = {
			isa = PBXGroup;
			children = (
				BBBA9B20243198C500BE79A6 /* Feed.app */,
			);
			name = Products;
			sourceTree = "<group>";
		};
		BBBA9B22243198C500BE79A6 /* Feed */ = {
			isa = PBXGroup;
			children = (
				BBBA9B23243198C500BE79A6 /* AppDelegate.swift */,
				BBBA9B25243198C500BE79A6 /* SceneDelegate.swift */,
				BBBA9B27243198C500BE79A6 /* ViewController.swift */,
				BBB449E2243589B80091BD90 /* IconFont.swift */,
				BBB449E424358F160091BD90 /* ExIconFont.swift */,
				BBBA9B29243198C500BE79A6 /* Main.storyboard */,
				BBBA9B2C243198CF00BE79A6 /* Assets.xcassets */,
				BBBA9B2E243198CF00BE79A6 /* LaunchScreen.storyboard */,
				BBBA9B31243198CF00BE79A6 /* Info.plist */,
				BBBA9B372431A03800BE79A6 /* feed.json */,
				BBB449F42435F2B20091BD90 /* weiboicon.json */,
				BBB449E0243588F30091BD90 /* iconfont.ttf */,
				BBBA9B392431A0B800BE79A6 /* FeedModel.swift */,
				BBB449EA2435E7750091BD90 /* EmojiWeibo.swift */,
				BBBA9B3B2431A45000BE79A6 /* TextCell.swift */,
				BBB449E62435BA2A0091BD90 /* ExRegex.swift */,
				BBB449F02435EFAE0091BD90 /* ExGif.swift */,
				BBB449F22435F06E0091BD90 /* emoji_gif */,
			);
			path = Feed;
			sourceTree = "<group>";
		};
/* End PBXGroup section */

/* Begin PBXNativeTarget section */
		BBBA9B1F243198C500BE79A6 /* Feed */ = {
			isa = PBXNativeTarget;
			buildConfigurationList = BBBA9B34243198CF00BE79A6 /* Build configuration list for PBXNativeTarget "Feed" */;
			buildPhases = (
				90646106FED06E6143E94E41 /* [CP] Check Pods Manifest.lock */,
				BBBA9B1C243198C500BE79A6 /* Sources */,
				BBBA9B1D243198C500BE79A6 /* Frameworks */,
				BBBA9B1E243198C500BE79A6 /* Resources */,
				3C989AA857B68A3D651306CC /* [CP] Embed Pods Frameworks */,
			);
			buildRules = (
			);
			dependencies = (
			);
			name = Feed;
			productName = Feed;
			productReference = BBBA9B20243198C500BE79A6 /* Feed.app */;
			productType = "com.apple.product-type.application";
		};
/* End PBXNativeTarget section */

/* Begin PBXProject section */
		BBBA9B18243198C500BE79A6 /* Project object */ = {
			isa = PBXProject;
			attributes = {
				LastSwiftUpdateCheck = 1140;
				LastUpgradeCheck = 1140;
				ORGANIZATIONNAME = ChaosTong;
				TargetAttributes = {
					BBBA9B1F243198C500BE79A6 = {
						CreatedOnToolsVersion = 11.4;
					};
				};
			};
			buildConfigurationList = BBBA9B1B243198C500BE79A6 /* Build configuration list for PBXProject "Feed" */;
			compatibilityVersion = "Xcode 9.3";
			developmentRegion = en;
			hasScannedForEncodings = 0;
			knownRegions = (
				en,
				Base,
			);
			mainGroup = BBBA9B17243198C500BE79A6;
			productRefGroup = BBBA9B21243198C500BE79A6 /* Products */;
			projectDirPath = "";
			projectRoot = "";
			targets = (
				BBBA9B1F243198C500BE79A6 /* Feed */,
			);
		};
/* End PBXProject section */

/* Begin PBXResourcesBuildPhase section */
		BBBA9B1E243198C500BE79A6 /* Resources */ = {
			isa = PBXResourcesBuildPhase;
			buildActionMask = 2147483647;
			files = (
				BBB449F52435F2B30091BD90 /* weiboicon.json in Resources */,
				BBB449E1243588FE0091BD90 /* iconfont.ttf in Resources */,
				BBBA9B30243198CF00BE79A6 /* LaunchScreen.storyboard in Resources */,
				BBBA9B382431A03800BE79A6 /* feed.json in Resources */,
				BBB449F32435F06F0091BD90 /* emoji_gif in Resources */,
				BBBA9B2D243198CF00BE79A6 /* Assets.xcassets in Resources */,
				BBBA9B2B243198C500BE79A6 /* Main.storyboard in Resources */,
			);
			runOnlyForDeploymentPostprocessing = 0;
		};
/* End PBXResourcesBuildPhase section */

/* Begin PBXShellScriptBuildPhase section */
		3C989AA857B68A3D651306CC /* [CP] Embed Pods Frameworks */ = {
			isa = PBXShellScriptBuildPhase;
			buildActionMask = 2147483647;
			files = (
			);
			inputFileListPaths = (
				"${PODS_ROOT}/Target Support Files/Pods-Feed/Pods-Feed-frameworks-${CONFIGURATION}-input-files.xcfilelist",
			);
			name = "[CP] Embed Pods Frameworks";
			outputFileListPaths = (
				"${PODS_ROOT}/Target Support Files/Pods-Feed/Pods-Feed-frameworks-${CONFIGURATION}-output-files.xcfilelist",
			);
			runOnlyForDeploymentPostprocessing = 0;
			shellPath = /bin/sh;
			shellScript = "\"${PODS_ROOT}/Target Support Files/Pods-Feed/Pods-Feed-frameworks.sh\"\n";
			showEnvVarsInLog = 0;
		};
		90646106FED06E6143E94E41 /* [CP] Check Pods Manifest.lock */ = {
			isa = PBXShellScriptBuildPhase;
			buildActionMask = 2147483647;
			files = (
			);
			inputFileListPaths = (
			);
			inputPaths = (
				"${PODS_PODFILE_DIR_PATH}/Podfile.lock",
				"${PODS_ROOT}/Manifest.lock",
			);
			name = "[CP] Check Pods Manifest.lock";
			outputFileListPaths = (
			);
			outputPaths = (
				"$(DERIVED_FILE_DIR)/Pods-Feed-checkManifestLockResult.txt",
			);
			runOnlyForDeploymentPostprocessing = 0;
			shellPath = /bin/sh;
			shellScript = "diff \"${PODS_PODFILE_DIR_PATH}/Podfile.lock\" \"${PODS_ROOT}/Manifest.lock\" > /dev/null\nif [ $? != 0 ] ; then\n    # print error to STDERR\n    echo \"error: The sandbox is not in sync with the Podfile.lock. Run 'pod install' or update your CocoaPods installation.\" >&2\n    exit 1\nfi\n# This output is used by Xcode 'outputs' to avoid re-running this script phase.\necho \"SUCCESS\" > \"${SCRIPT_OUTPUT_FILE_0}\"\n";
			showEnvVarsInLog = 0;
		};
/* End PBXShellScriptBuildPhase section */

/* Begin PBXSourcesBuildPhase section */
		BBBA9B1C243198C500BE79A6 /* Sources */ = {
			isa = PBXSourcesBuildPhase;
			buildActionMask = 2147483647;
			files = (
				BBB449E72435BA2A0091BD90 /* ExRegex.swift in Sources */,
				BBBA9B3C2431A45000BE79A6 /* TextCell.swift in Sources */,
				BBB449E3243589B80091BD90 /* IconFont.swift in Sources */,
				BBB449E524358F160091BD90 /* ExIconFont.swift in Sources */,
				BBBA9B28243198C500BE79A6 /* ViewController.swift in Sources */,
				BBB449F12435EFAE0091BD90 /* ExGif.swift in Sources */,
				BBB449EB2435E7750091BD90 /* EmojiWeibo.swift in Sources */,
				BBBA9B24243198C500BE79A6 /* AppDelegate.swift in Sources */,
				BBBA9B26243198C500BE79A6 /* SceneDelegate.swift in Sources */,
				BBBA9B3A2431A0B800BE79A6 /* FeedModel.swift in Sources */,
			);
			runOnlyForDeploymentPostprocessing = 0;
		};
/* End PBXSourcesBuildPhase section */

/* Begin PBXVariantGroup section */
		BBBA9B29243198C500BE79A6 /* Main.storyboard */ = {
			isa = PBXVariantGroup;
			children = (
				BBBA9B2A243198C500BE79A6 /* Base */,
			);
			name = Main.storyboard;
			sourceTree = "<group>";
		};
		BBBA9B2E243198CF00BE79A6 /* LaunchScreen.storyboard */ = {
			isa = PBXVariantGroup;
			children = (
				BBBA9B2F243198CF00BE79A6 /* Base */,
			);
			name = LaunchScreen.storyboard;
			sourceTree = "<group>";
		};
/* End PBXVariantGroup section */

/* Begin XCBuildConfiguration section */
		BBBA9B32243198CF00BE79A6 /* Debug */ = {
			isa = XCBuildConfiguration;
			buildSettings = {
				ALWAYS_SEARCH_USER_PATHS = NO;
				CLANG_ANALYZER_NONNULL = YES;
				CLANG_ANALYZER_NUMBER_OBJECT_CONVERSION = YES_AGGRESSIVE;
				CLANG_CXX_LANGUAGE_STANDARD = "gnu++14";
				CLANG_CXX_LIBRARY = "libc++";
				CLANG_ENABLE_MODULES = YES;
				CLANG_ENABLE_OBJC_ARC = YES;
				CLANG_ENABLE_OBJC_WEAK = YES;
				CLANG_WARN_BLOCK_CAPTURE_AUTORELEASING = YES;
				CLANG_WARN_BOOL_CONVERSION = YES;
				CLANG_WARN_COMMA = YES;
				CLANG_WARN_CONSTANT_CONVERSION = YES;
				CLANG_WARN_DEPRECATED_OBJC_IMPLEMENTATIONS = YES;
				CLANG_WARN_DIRECT_OBJC_ISA_USAGE = YES_ERROR;
				CLANG_WARN_DOCUMENTATION_COMMENTS = YES;
				CLANG_WARN_EMPTY_BODY = YES;
				CLANG_WARN_ENUM_CONVERSION = YES;
				CLANG_WARN_INFINITE_RECURSION = YES;
				CLANG_WARN_INT_CONVERSION = YES;
				CLANG_WARN_NON_LITERAL_NULL_CONVERSION = YES;
				CLANG_WARN_OBJC_IMPLICIT_RETAIN_SELF = YES;
				CLANG_WARN_OBJC_LITERAL_CONVERSION = YES;
				CLANG_WARN_OBJC_ROOT_CLASS = YES_ERROR;
				CLANG_WARN_RANGE_LOOP_ANALYSIS = YES;
				CLANG_WARN_STRICT_PROTOTYPES = YES;
				CLANG_WARN_SUSPICIOUS_MOVE = YES;
				CLANG_WARN_UNGUARDED_AVAILABILITY = YES_AGGRESSIVE;
				CLANG_WARN_UNREACHABLE_CODE = YES;
				CLANG_WARN__DUPLICATE_METHOD_MATCH = YES;
				COPY_PHASE_STRIP = NO;
				DEBUG_INFORMATION_FORMAT = dwarf;
				ENABLE_STRICT_OBJC_MSGSEND = YES;
				ENABLE_TESTABILITY = YES;
				GCC_C_LANGUAGE_STANDARD = gnu11;
				GCC_DYNAMIC_NO_PIC = NO;
				GCC_NO_COMMON_BLOCKS = YES;
				GCC_OPTIMIZATION_LEVEL = 0;
				GCC_PREPROCESSOR_DEFINITIONS = (
					"DEBUG=1",
					"$(inherited)",
				);
				GCC_WARN_64_TO_32_BIT_CONVERSION = YES;
				GCC_WARN_ABOUT_RETURN_TYPE = YES_ERROR;
				GCC_WARN_UNDECLARED_SELECTOR = YES;
				GCC_WARN_UNINITIALIZED_AUTOS = YES_AGGRESSIVE;
				GCC_WARN_UNUSED_FUNCTION = YES;
				GCC_WARN_UNUSED_VARIABLE = YES;
				IPHONEOS_DEPLOYMENT_TARGET = 13.4;
				MTL_ENABLE_DEBUG_INFO = INCLUDE_SOURCE;
				MTL_FAST_MATH = YES;
				ONLY_ACTIVE_ARCH = YES;
				SDKROOT = iphoneos;
				SWIFT_ACTIVE_COMPILATION_CONDITIONS = DEBUG;
				SWIFT_OPTIMIZATION_LEVEL = "-Onone";
			};
			name = Debug;
		};
		BBBA9B33243198CF00BE79A6 /* Release */ = {
			isa = XCBuildConfiguration;
			buildSettings = {
				ALWAYS_SEARCH_USER_PATHS = NO;
				CLANG_ANALYZER_NONNULL = YES;
				CLANG_ANALYZER_NUMBER_OBJECT_CONVERSION = YES_AGGRESSIVE;
				CLANG_CXX_LANGUAGE_STANDARD = "gnu++14";
				CLANG_CXX_LIBRARY = "libc++";
				CLANG_ENABLE_MODULES = YES;
				CLANG_ENABLE_OBJC_ARC = YES;
				CLANG_ENABLE_OBJC_WEAK = YES;
				CLANG_WARN_BLOCK_CAPTURE_AUTORELEASING = YES;
				CLANG_WARN_BOOL_CONVERSION = YES;
				CLANG_WARN_COMMA = YES;
				CLANG_WARN_CONSTANT_CONVERSION = YES;
				CLANG_WARN_DEPRECATED_OBJC_IMPLEMENTATIONS = YES;
				CLANG_WARN_DIRECT_OBJC_ISA_USAGE = YES_ERROR;
				CLANG_WARN_DOCUMENTATION_COMMENTS = YES;
				CLANG_WARN_EMPTY_BODY = YES;
				CLANG_WARN_ENUM_CONVERSION = YES;
				CLANG_WARN_INFINITE_RECURSION = YES;
				CLANG_WARN_INT_CONVERSION = YES;
				CLANG_WARN_NON_LITERAL_NULL_CONVERSION = YES;
				CLANG_WARN_OBJC_IMPLICIT_RETAIN_SELF = YES;
				CLANG_WARN_OBJC_LITERAL_CONVERSION = YES;
				CLANG_WARN_OBJC_ROOT_CLASS = YES_ERROR;
				CLANG_WARN_RANGE_LOOP_ANALYSIS = YES;
				CLANG_WARN_STRICT_PROTOTYPES = YES;
				CLANG_WARN_SUSPICIOUS_MOVE = YES;
				CLANG_WARN_UNGUARDED_AVAILABILITY = YES_AGGRESSIVE;
				CLANG_WARN_UNREACHABLE_CODE = YES;
				CLANG_WARN__DUPLICATE_METHOD_MATCH = YES;
				COPY_PHASE_STRIP = NO;
				DEBUG_INFORMATION_FORMAT = "dwarf-with-dsym";
				ENABLE_NS_ASSERTIONS = NO;
				ENABLE_STRICT_OBJC_MSGSEND = YES;
				GCC_C_LANGUAGE_STANDARD = gnu11;
				GCC_NO_COMMON_BLOCKS = YES;
				GCC_WARN_64_TO_32_BIT_CONVERSION = YES;
				GCC_WARN_ABOUT_RETURN_TYPE = YES_ERROR;
				GCC_WARN_UNDECLARED_SELECTOR = YES;
				GCC_WARN_UNINITIALIZED_AUTOS = YES_AGGRESSIVE;
				GCC_WARN_UNUSED_FUNCTION = YES;
				GCC_WARN_UNUSED_VARIABLE = YES;
				IPHONEOS_DEPLOYMENT_TARGET = 13.4;
				MTL_ENABLE_DEBUG_INFO = NO;
				MTL_FAST_MATH = YES;
				SDKROOT = iphoneos;
				SWIFT_COMPILATION_MODE = wholemodule;
				SWIFT_OPTIMIZATION_LEVEL = "-O";
				VALIDATE_PRODUCT = YES;
			};
			name = Release;
		};
		BBBA9B35243198CF00BE79A6 /* Debug */ = {
			isa = XCBuildConfiguration;
			baseConfigurationReference = 4CC4BB71033C75B3C51121B4 /* Pods-Feed.debug.xcconfig */;
			buildSettings = {
				ASSETCATALOG_COMPILER_APPICON_NAME = AppIcon;
				CODE_SIGN_STYLE = Automatic;
				DEVELOPMENT_TEAM = 9Y74876TPS;
				INFOPLIST_FILE = Feed/Info.plist;
				LD_RUNPATH_SEARCH_PATHS = (
					"$(inherited)",
					"@executable_path/Frameworks",
				);
				PRODUCT_BUNDLE_IDENTIFIER = com.easyulife.Feed;
				PRODUCT_NAME = "$(TARGET_NAME)";
				SWIFT_VERSION = 5.0;
				TARGETED_DEVICE_FAMILY = "1,2";
			};
			name = Debug;
		};
		BBBA9B36243198CF00BE79A6 /* Release */ = {
			isa = XCBuildConfiguration;
			baseConfigurationReference = 63A347160B10092B52F82F0A /* Pods-Feed.release.xcconfig */;
			buildSettings = {
				ASSETCATALOG_COMPILER_APPICON_NAME = AppIcon;
				CODE_SIGN_STYLE = Automatic;
				DEVELOPMENT_TEAM = 9Y74876TPS;
				INFOPLIST_FILE = Feed/Info.plist;
				LD_RUNPATH_SEARCH_PATHS = (
					"$(inherited)",
					"@executable_path/Frameworks",
				);
				PRODUCT_BUNDLE_IDENTIFIER = com.easyulife.Feed;
				PRODUCT_NAME = "$(TARGET_NAME)";
				SWIFT_VERSION = 5.0;
				TARGETED_DEVICE_FAMILY = "1,2";
			};
			name = Release;
		};
/* End XCBuildConfiguration section */

/* Begin XCConfigurationList section */
		BBBA9B1B243198C500BE79A6 /* Build configuration list for PBXProject "Feed" */ = {
			isa = XCConfigurationList;
			buildConfigurations = (
				BBBA9B32243198CF00BE79A6 /* Debug */,
				BBBA9B33243198CF00BE79A6 /* Release */,
			);
			defaultConfigurationIsVisible = 0;
			defaultConfigurationName = Release;
		};
		BBBA9B34243198CF00BE79A6 /* Build configuration list for PBXNativeTarget "Feed" */ = {
			isa = XCConfigurationList;
			buildConfigurations = (
				BBBA9B35243198CF00BE79A6 /* Debug */,
				BBBA9B36243198CF00BE79A6 /* Release */,
			);
			defaultConfigurationIsVisible = 0;
			defaultConfigurationName = Release;
		};
/* End XCConfigurationList section */
	};
	rootObject = BBBA9B18243198C500BE79A6 /* Project object */;
}
